
Microsoft Visual Studio Solution File, Format Version 12.00
# Visual Studio Version 17
VisualStudioVersion = 17.4.33205.214
MinimumVisualStudioVersion = 10.0.40219.1
Project("{FAE04EC0-301F-11D3-BF4B-00C04F79EFBC}") = "WPFPizzaMenu", "WPFPizzaMenu\WPFPizzaMenu.csproj", "{DECA22EC-FE12-4DA6-92CE-26E68F454DA3}"
EndProject
Global
	GlobalSection(SolutionConfigurationPlatforms) = preSolution
		Debug|Any CPU = Debug|Any CPU
		Release|Any CPU = Release|Any CPU
	EndGlobalSection
	GlobalSection(ProjectConfigurationPlatforms) = postSolution
		{DECA22EC-FE12-4DA6-92CE-26E68F454DA3}.Debug|Any CPU.ActiveCfg = Debug|Any CPU
		{DECA22EC-FE12-4DA6-92CE-26E68F454DA3}.Debug|Any CPU.Build.0 = Debug|Any CPU
		{DECA22EC-FE12-4DA6-92CE-26E68F454DA3}.Release|Any CPU.ActiveCfg = Release|Any CPU
		{DECA22EC-FE12-4DA6-92CE-26E68F454DA3}.Release|Any CPU.Build.0 = Release|Any CPU
	EndGlobalSection
	GlobalSection(SolutionProperties) = preSolution
		HideSolutionNode = FALSE
	EndGlobalSection
	GlobalSection(ExtensibilityGlobals) = postSolution
		SolutionGuid = {0ECCB7EF-C3D1-49BD-8E0C-8D96038649B6}
	EndGlobalSection
EndGlobal
