
Microsoft Visual Studio Solution File, Format Version 12.00
# Visual Studio Version 17
VisualStudioVersion = 17.3.32825.248
MinimumVisualStudioVersion = 10.0.40219.1
Project("{FAE04EC0-301F-11D3-BF4B-00C04F79EFBC}") = "MembersC", "MembersC\MembersC.csproj", "{1DFE95BA-E66A-4EE6-B16B-FD5831AE36A4}"
EndProject
Global
	GlobalSection(SolutionConfigurationPlatforms) = preSolution
		Debug|Any CPU = Debug|Any CPU
		Release|Any CPU = Release|Any CPU
	EndGlobalSection
	GlobalSection(ProjectConfigurationPlatforms) = postSolution
		{1DFE95BA-E66A-4EE6-B16B-FD5831AE36A4}.Debug|Any CPU.ActiveCfg = Debug|Any CPU
		{1DFE95BA-E66A-4EE6-B16B-FD5831AE36A4}.Debug|Any CPU.Build.0 = Debug|Any CPU
		{1DFE95BA-E66A-4EE6-B16B-FD5831AE36A4}.Release|Any CPU.ActiveCfg = Release|Any CPU
		{1DFE95BA-E66A-4EE6-B16B-FD5831AE36A4}.Release|Any CPU.Build.0 = Release|Any CPU
	EndGlobalSection
	GlobalSection(SolutionProperties) = preSolution
		HideSolutionNode = FALSE
	EndGlobalSection
	GlobalSection(ExtensibilityGlobals) = postSolution
		SolutionGuid = {D6958661-ED6F-4F91-8DA7-AD1E549FE9DC}
	EndGlobalSection
EndGlobal
