
Microsoft Visual Studio Solution File, Format Version 12.00
# Visual Studio Version 17
VisualStudioVersion = 17.4.33110.190
MinimumVisualStudioVersion = 10.0.40219.1
Project("{FAE04EC0-301F-11D3-BF4B-00C04F79EFBC}") = "InheritanceDemo2", "InheritanceDemo2\InheritanceDemo2.csproj", "{263E69D2-B2C8-431B-A72D-75552D5151BB}"
EndProject
Global
	GlobalSection(SolutionConfigurationPlatforms) = preSolution
		Debug|Any CPU = Debug|Any CPU
		Release|Any CPU = Release|Any CPU
	EndGlobalSection
	GlobalSection(ProjectConfigurationPlatforms) = postSolution
		{263E69D2-B2C8-431B-A72D-75552D5151BB}.Debug|Any CPU.ActiveCfg = Debug|Any CPU
		{263E69D2-B2C8-431B-A72D-75552D5151BB}.Debug|Any CPU.Build.0 = Debug|Any CPU
		{263E69D2-B2C8-431B-A72D-75552D5151BB}.Release|Any CPU.ActiveCfg = Release|Any CPU
		{263E69D2-B2C8-431B-A72D-75552D5151BB}.Release|Any CPU.Build.0 = Release|Any CPU
	EndGlobalSection
	GlobalSection(SolutionProperties) = preSolution
		HideSolutionNode = FALSE
	EndGlobalSection
	GlobalSection(ExtensibilityGlobals) = postSolution
		SolutionGuid = {3FC6457F-823D-4227-A2BD-DBFAE933EB54}
	EndGlobalSection
EndGlobal
