
Microsoft Visual Studio Solution File, Format Version 12.00
# Visual Studio Version 17
VisualStudioVersion = 17.4.33213.308
MinimumVisualStudioVersion = 10.0.40219.1
Project("{FAE04EC0-301F-11D3-BF4B-00C04F79EFBC}") = "LinqWithXML", "LinqWithXML.csproj", "{39A43CAA-FDCD-4DE6-BFC3-13D5E96D80D2}"
EndProject
Global
	GlobalSection(SolutionConfigurationPlatforms) = preSolution
		Debug|Any CPU = Debug|Any CPU
		Release|Any CPU = Release|Any CPU
	EndGlobalSection
	GlobalSection(ProjectConfigurationPlatforms) = postSolution
		{39A43CAA-FDCD-4DE6-BFC3-13D5E96D80D2}.Debug|Any CPU.ActiveCfg = Debug|Any CPU
		{39A43CAA-FDCD-4DE6-BFC3-13D5E96D80D2}.Debug|Any CPU.Build.0 = Debug|Any CPU
		{39A43CAA-FDCD-4DE6-BFC3-13D5E96D80D2}.Release|Any CPU.ActiveCfg = Release|Any CPU
		{39A43CAA-FDCD-4DE6-BFC3-13D5E96D80D2}.Release|Any CPU.Build.0 = Release|Any CPU
	EndGlobalSection
	GlobalSection(SolutionProperties) = preSolution
		HideSolutionNode = FALSE
	EndGlobalSection
	GlobalSection(ExtensibilityGlobals) = postSolution
		SolutionGuid = {F69177A6-FD87-4DBC-B809-97370146058F}
	EndGlobalSection
EndGlobal
