
Microsoft Visual Studio Solution File, Format Version 12.00
# Visual Studio Version 17
VisualStudioVersion = 17.4.33110.190
MinimumVisualStudioVersion = 10.0.40219.1
Project("{FAE04EC0-301F-11D3-BF4B-00C04F79EFBC}") = "Hashtable Practice", "Hashtable Practice\Hashtable Practice.csproj", "{824013C8-729B-4090-BEE5-88F4FC1854FF}"
EndProject
Global
	GlobalSection(SolutionConfigurationPlatforms) = preSolution
		Debug|Any CPU = Debug|Any CPU
		Release|Any CPU = Release|Any CPU
	EndGlobalSection
	GlobalSection(ProjectConfigurationPlatforms) = postSolution
		{824013C8-729B-4090-BEE5-88F4FC1854FF}.Debug|Any CPU.ActiveCfg = Debug|Any CPU
		{824013C8-729B-4090-BEE5-88F4FC1854FF}.Debug|Any CPU.Build.0 = Debug|Any CPU
		{824013C8-729B-4090-BEE5-88F4FC1854FF}.Release|Any CPU.ActiveCfg = Release|Any CPU
		{824013C8-729B-4090-BEE5-88F4FC1854FF}.Release|Any CPU.Build.0 = Release|Any CPU
	EndGlobalSection
	GlobalSection(SolutionProperties) = preSolution
		HideSolutionNode = FALSE
	EndGlobalSection
	GlobalSection(ExtensibilityGlobals) = postSolution
		SolutionGuid = {FD399121-00E3-483C-B8AB-F45F6E5C58B6}
	EndGlobalSection
EndGlobal
