
Microsoft Visual Studio Solution File, Format Version 12.00
# Visual Studio Version 17
VisualStudioVersion = 17.4.33110.190
MinimumVisualStudioVersion = 10.0.40219.1
Project("{FAE04EC0-301F-11D3-BF4B-00C04F79EFBC}") = "VideoGame", "VideoGame\VideoGame.csproj", "{974EA057-3415-48A6-8952-530DD3096D45}"
EndProject
Global
	GlobalSection(SolutionConfigurationPlatforms) = preSolution
		Debug|Any CPU = Debug|Any CPU
		Release|Any CPU = Release|Any CPU
	EndGlobalSection
	GlobalSection(ProjectConfigurationPlatforms) = postSolution
		{974EA057-3415-48A6-8952-530DD3096D45}.Debug|Any CPU.ActiveCfg = Debug|Any CPU
		{974EA057-3415-48A6-8952-530DD3096D45}.Debug|Any CPU.Build.0 = Debug|Any CPU
		{974EA057-3415-48A6-8952-530DD3096D45}.Release|Any CPU.ActiveCfg = Release|Any CPU
		{974EA057-3415-48A6-8952-530DD3096D45}.Release|Any CPU.Build.0 = Release|Any CPU
	EndGlobalSection
	GlobalSection(SolutionProperties) = preSolution
		HideSolutionNode = FALSE
	EndGlobalSection
	GlobalSection(ExtensibilityGlobals) = postSolution
		SolutionGuid = {4A40E736-8EB0-400A-B5AA-2757D5809DE8}
	EndGlobalSection
EndGlobal
