
Microsoft Visual Studio Solution File, Format Version 12.00
# Visual Studio Version 17
VisualStudioVersion = 17.3.32825.248
MinimumVisualStudioVersion = 10.0.40219.1
Project("{FAE04EC0-301F-11D3-BF4B-00C04F79EFBC}") = "RegisteringAndLogginIn", "RegisteringAndLogginIn\RegisteringAndLogginIn.csproj", "{A1B9A79B-E8B2-4FE1-BC1B-130A3283C600}"
EndProject
Global
	GlobalSection(SolutionConfigurationPlatforms) = preSolution
		Debug|Any CPU = Debug|Any CPU
		Release|Any CPU = Release|Any CPU
	EndGlobalSection
	GlobalSection(ProjectConfigurationPlatforms) = postSolution
		{A1B9A79B-E8B2-4FE1-BC1B-130A3283C600}.Debug|Any CPU.ActiveCfg = Debug|Any CPU
		{A1B9A79B-E8B2-4FE1-BC1B-130A3283C600}.Debug|Any CPU.Build.0 = Debug|Any CPU
		{A1B9A79B-E8B2-4FE1-BC1B-130A3283C600}.Release|Any CPU.ActiveCfg = Release|Any CPU
		{A1B9A79B-E8B2-4FE1-BC1B-130A3283C600}.Release|Any CPU.Build.0 = Release|Any CPU
	EndGlobalSection
	GlobalSection(SolutionProperties) = preSolution
		HideSolutionNode = FALSE
	EndGlobalSection
	GlobalSection(ExtensibilityGlobals) = postSolution
		SolutionGuid = {5EB861FC-0664-4B53-8262-BA87844E2DAF}
	EndGlobalSection
EndGlobal
